
Microsoft Visual Studio Solution File, Format Version 12.00
# Visual Studio 2012
Project("{FAE04EC0-301F-11D3-BF4B-00C04F79EFBC}") = "SDMReport", "SDMReport.csproj", "{74DB80CA-AF66-4B37-B599-A5587E89CA92}"
EndProject
Project("{FAE04EC0-301F-11D3-BF4B-00C04F79EFBC}") = "SDContract", "SDContract\SDContract.csproj", "{9C3F5369-5EAD-416F-8662-7A2356531391}"
EndProject
Global
	GlobalSection(SolutionConfigurationPlatforms) = preSolution
		Debug|iPhoneSimulator = Debug|iPhoneSimulator
		Release|iPhoneSimulator = Release|iPhoneSimulator
		Debug|iPhone = Debug|iPhone
		Release|iPhone = Release|iPhone
		Ad-Hoc|iPhone = Ad-Hoc|iPhone
		AppStore|iPhone = AppStore|iPhone
	EndGlobalSection
	GlobalSection(ProjectConfigurationPlatforms) = postSolution
		{74DB80CA-AF66-4B37-B599-A5587E89CA92}.Ad-Hoc|iPhone.ActiveCfg = Ad-Hoc|iPhone
		{74DB80CA-AF66-4B37-B599-A5587E89CA92}.Ad-Hoc|iPhone.Build.0 = Ad-Hoc|iPhone
		{74DB80CA-AF66-4B37-B599-A5587E89CA92}.AppStore|iPhone.ActiveCfg = AppStore|iPhone
		{74DB80CA-AF66-4B37-B599-A5587E89CA92}.AppStore|iPhone.Build.0 = AppStore|iPhone
		{74DB80CA-AF66-4B37-B599-A5587E89CA92}.Debug|iPhone.ActiveCfg = Debug|iPhone
		{74DB80CA-AF66-4B37-B599-A5587E89CA92}.Debug|iPhone.Build.0 = Debug|iPhone
		{74DB80CA-AF66-4B37-B599-A5587E89CA92}.Debug|iPhoneSimulator.ActiveCfg = Debug|iPhoneSimulator
		{74DB80CA-AF66-4B37-B599-A5587E89CA92}.Debug|iPhoneSimulator.Build.0 = Debug|iPhoneSimulator
		{74DB80CA-AF66-4B37-B599-A5587E89CA92}.Release|iPhone.ActiveCfg = Release|iPhone
		{74DB80CA-AF66-4B37-B599-A5587E89CA92}.Release|iPhone.Build.0 = Release|iPhone
		{74DB80CA-AF66-4B37-B599-A5587E89CA92}.Release|iPhoneSimulator.ActiveCfg = Release|iPhoneSimulator
		{74DB80CA-AF66-4B37-B599-A5587E89CA92}.Release|iPhoneSimulator.Build.0 = Release|iPhoneSimulator
		{9C3F5369-5EAD-416F-8662-7A2356531391}.Ad-Hoc|iPhone.ActiveCfg = Release|Any CPU
		{9C3F5369-5EAD-416F-8662-7A2356531391}.Ad-Hoc|iPhone.Build.0 = Release|Any CPU
		{9C3F5369-5EAD-416F-8662-7A2356531391}.AppStore|iPhone.ActiveCfg = Release|Any CPU
		{9C3F5369-5EAD-416F-8662-7A2356531391}.AppStore|iPhone.Build.0 = Release|Any CPU
		{9C3F5369-5EAD-416F-8662-7A2356531391}.Debug|iPhone.ActiveCfg = Debug|Any CPU
		{9C3F5369-5EAD-416F-8662-7A2356531391}.Debug|iPhone.Build.0 = Debug|Any CPU
		{9C3F5369-5EAD-416F-8662-7A2356531391}.Debug|iPhoneSimulator.ActiveCfg = Debug|Any CPU
		{9C3F5369-5EAD-416F-8662-7A2356531391}.Debug|iPhoneSimulator.Build.0 = Debug|Any CPU
		{9C3F5369-5EAD-416F-8662-7A2356531391}.Release|iPhone.ActiveCfg = Release|Any CPU
		{9C3F5369-5EAD-416F-8662-7A2356531391}.Release|iPhone.Build.0 = Release|Any CPU
		{9C3F5369-5EAD-416F-8662-7A2356531391}.Release|iPhoneSimulator.ActiveCfg = Release|Any CPU
		{9C3F5369-5EAD-416F-8662-7A2356531391}.Release|iPhoneSimulator.Build.0 = Release|Any CPU
	EndGlobalSection
	GlobalSection(MonoDevelopProperties) = preSolution
		StartupItem = SDMReport.csproj
	EndGlobalSection
EndGlobal
